
Microsoft Visual Studio Solution File, Format Version 12.00
# Visual Studio Version 16
VisualStudioVersion = 16.0.31605.320
MinimumVisualStudioVersion = 10.0.40219.1
Project("{9A19103F-16F7-4668-BE54-9A1E7A4F7556}") = "GetALetter", "GetALetter\GetALetter.csproj", "{62CA1367-28CA-46DD-A37E-74564CC8FB4A}"
EndProject
Project("{9A19103F-16F7-4668-BE54-9A1E7A4F7556}") = "GetALetter.Interface", "GetALetter.Interface\GetALetter.Interface.csproj", "{B68BA34B-9D00-43FC-B8B1-6C616E06EB2D}"
EndProject
Project("{9A19103F-16F7-4668-BE54-9A1E7A4F7556}") = "GetALetter.Concrete", "GetALetter.Concrete\GetALetter.Concrete.csproj", "{8625E9CB-D34D-40C4-B2E9-9655D5592270}"
EndProject
Global
	GlobalSection(SolutionConfigurationPlatforms) = preSolution
		Debug|Any CPU = Debug|Any CPU
		Release|Any CPU = Release|Any CPU
	EndGlobalSection
	GlobalSection(ProjectConfigurationPlatforms) = postSolution
		{62CA1367-28CA-46DD-A37E-74564CC8FB4A}.Debug|Any CPU.ActiveCfg = Debug|Any CPU
		{62CA1367-28CA-46DD-A37E-74564CC8FB4A}.Debug|Any CPU.Build.0 = Debug|Any CPU
		{62CA1367-28CA-46DD-A37E-74564CC8FB4A}.Release|Any CPU.ActiveCfg = Release|Any CPU
		{62CA1367-28CA-46DD-A37E-74564CC8FB4A}.Release|Any CPU.Build.0 = Release|Any CPU
		{B68BA34B-9D00-43FC-B8B1-6C616E06EB2D}.Debug|Any CPU.ActiveCfg = Debug|Any CPU
		{B68BA34B-9D00-43FC-B8B1-6C616E06EB2D}.Debug|Any CPU.Build.0 = Debug|Any CPU
		{B68BA34B-9D00-43FC-B8B1-6C616E06EB2D}.Release|Any CPU.ActiveCfg = Release|Any CPU
		{B68BA34B-9D00-43FC-B8B1-6C616E06EB2D}.Release|Any CPU.Build.0 = Release|Any CPU
		{8625E9CB-D34D-40C4-B2E9-9655D5592270}.Debug|Any CPU.ActiveCfg = Debug|Any CPU
		{8625E9CB-D34D-40C4-B2E9-9655D5592270}.Debug|Any CPU.Build.0 = Debug|Any CPU
		{8625E9CB-D34D-40C4-B2E9-9655D5592270}.Release|Any CPU.ActiveCfg = Release|Any CPU
		{8625E9CB-D34D-40C4-B2E9-9655D5592270}.Release|Any CPU.Build.0 = Release|Any CPU
	EndGlobalSection
	GlobalSection(SolutionProperties) = preSolution
		HideSolutionNode = FALSE
	EndGlobalSection
	GlobalSection(ExtensibilityGlobals) = postSolution
		SolutionGuid = {89695F54-57C4-439A-95AC-0D74AA986C7A}
	EndGlobalSection
EndGlobal
